dependencies:
- name: postgresql
  repository: https://charts.bitnami.com/bitnami
  version: 10.13.15
- name: traefik
  repository: https://helm.traefik.io/traefik
  version: 10.9.0
- name: rabbitmq
  repository: https://charts.bitnami.com/bitnami
  version: 8.24.12
- name: auth-app-chart
  repository: ""
  version: 0.0.x
- name: user-app-chart
  repository: ""
  version: 0.0.x
digest: sha256:f04f71e897a7c5d88109ea989553999c72e7cd503b8040198b5665c9029bc3d7
generated: "2021-12-22T21:51:53.291421773+03:00"
